
Microsoft Visual Studio Solution File, Format Version 12.00
# Visual Studio Version 17
VisualStudioVersion = 17.10.35004.147
MinimumVisualStudioVersion = 10.0.40219.1
Project("{FAE04EC0-301F-11D3-BF4B-00C04F79EFBC}") = "Bt_Chuong2.4", "Bt_Chuong2.4\Bt_Chuong2.4.csproj", "{36CCD4E9-8FAF-48EC-8CEC-9D8B912EC75E}"
EndProject
Global
	GlobalSection(SolutionConfigurationPlatforms) = preSolution
		Debug|Any CPU = Debug|Any CPU
		Release|Any CPU = Release|Any CPU
	EndGlobalSection
	GlobalSection(ProjectConfigurationPlatforms) = postSolution
		{36CCD4E9-8FAF-48EC-8CEC-9D8B912EC75E}.Debug|Any CPU.ActiveCfg = Debug|Any CPU
		{36CCD4E9-8FAF-48EC-8CEC-9D8B912EC75E}.Debug|Any CPU.Build.0 = Debug|Any CPU
		{36CCD4E9-8FAF-48EC-8CEC-9D8B912EC75E}.Release|Any CPU.ActiveCfg = Release|Any CPU
		{36CCD4E9-8FAF-48EC-8CEC-9D8B912EC75E}.Release|Any CPU.Build.0 = Release|Any CPU
	EndGlobalSection
	GlobalSection(SolutionProperties) = preSolution
		HideSolutionNode = FALSE
	EndGlobalSection
	GlobalSection(ExtensibilityGlobals) = postSolution
		SolutionGuid = {49075677-8520-4642-898E-091C369E2110}
	EndGlobalSection
EndGlobal
