
Microsoft Visual Studio Solution File, Format Version 12.00
# Visual Studio Version 17
VisualStudioVersion = 17.10.35004.147
MinimumVisualStudioVersion = 10.0.40219.1
Project("{FAE04EC0-301F-11D3-BF4B-00C04F79EFBC}") = "BT_Chuong4.1", "BT_Chuong4.1\BT_Chuong4.1.csproj", "{D15074DE-93D4-41C2-8945-C0907F625A3C}"
EndProject
Global
	GlobalSection(SolutionConfigurationPlatforms) = preSolution
		Debug|Any CPU = Debug|Any CPU
		Release|Any CPU = Release|Any CPU
	EndGlobalSection
	GlobalSection(ProjectConfigurationPlatforms) = postSolution
		{D15074DE-93D4-41C2-8945-C0907F625A3C}.Debug|Any CPU.ActiveCfg = Debug|Any CPU
		{D15074DE-93D4-41C2-8945-C0907F625A3C}.Debug|Any CPU.Build.0 = Debug|Any CPU
		{D15074DE-93D4-41C2-8945-C0907F625A3C}.Release|Any CPU.ActiveCfg = Release|Any CPU
		{D15074DE-93D4-41C2-8945-C0907F625A3C}.Release|Any CPU.Build.0 = Release|Any CPU
	EndGlobalSection
	GlobalSection(SolutionProperties) = preSolution
		HideSolutionNode = FALSE
	EndGlobalSection
	GlobalSection(ExtensibilityGlobals) = postSolution
		SolutionGuid = {9695E64F-418D-47D4-A0DF-47B75C904BFA}
	EndGlobalSection
EndGlobal
